
Microsoft Visual Studio Solution File, Format Version 12.00
# Visual Studio Version 17
VisualStudioVersion = 17.3.32922.545
MinimumVisualStudioVersion = 10.0.40219.1
Project("{9A19103F-16F7-4668-BE54-9A1E7A4F7556}") = "CartingService", "CartingService\CartingService.csproj", "{753F72AC-3AAF-4C28-8212-1746E606A71D}"
EndProject
Project("{9A19103F-16F7-4668-BE54-9A1E7A4F7556}") = "CartingService.IntegrationTests", "CartingService.Tests\CartingService.IntegrationTests.csproj", "{9BC95184-CA1E-46E2-8440-978976EE5B53}"
EndProject
Project("{FAE04EC0-301F-11D3-BF4B-00C04F79EFBC}") = "CartingService.Api", "CartingService.Api\CartingService.Api.csproj", "{10E6748B-71FA-4421-B5DE-C831476E3F36}"
EndProject
Project("{2150E333-8FDC-42A3-9474-1A3956D46DE8}") = "tests", "tests", "{698BFF11-FA97-44FB-9701-554F1A989F38}"
EndProject
Project("{FAE04EC0-301F-11D3-BF4B-00C04F79EFBC}") = "CartingService.Api.UnitTests", "CartingService.Api.UnitTests\CartingService.Api.UnitTests.csproj", "{29932A25-BF79-4403-9884-A0F0E99E816E}"
EndProject
Global
	GlobalSection(SolutionConfigurationPlatforms) = preSolution
		Debug|Any CPU = Debug|Any CPU
		Release|Any CPU = Release|Any CPU
	EndGlobalSection
	GlobalSection(ProjectConfigurationPlatforms) = postSolution
		{753F72AC-3AAF-4C28-8212-1746E606A71D}.Debug|Any CPU.ActiveCfg = Debug|Any CPU
		{753F72AC-3AAF-4C28-8212-1746E606A71D}.Debug|Any CPU.Build.0 = Debug|Any CPU
		{753F72AC-3AAF-4C28-8212-1746E606A71D}.Release|Any CPU.ActiveCfg = Release|Any CPU
		{753F72AC-3AAF-4C28-8212-1746E606A71D}.Release|Any CPU.Build.0 = Release|Any CPU
		{9BC95184-CA1E-46E2-8440-978976EE5B53}.Debug|Any CPU.ActiveCfg = Debug|Any CPU
		{9BC95184-CA1E-46E2-8440-978976EE5B53}.Debug|Any CPU.Build.0 = Debug|Any CPU
		{9BC95184-CA1E-46E2-8440-978976EE5B53}.Release|Any CPU.ActiveCfg = Release|Any CPU
		{9BC95184-CA1E-46E2-8440-978976EE5B53}.Release|Any CPU.Build.0 = Release|Any CPU
		{10E6748B-71FA-4421-B5DE-C831476E3F36}.Debug|Any CPU.ActiveCfg = Debug|Any CPU
		{10E6748B-71FA-4421-B5DE-C831476E3F36}.Debug|Any CPU.Build.0 = Debug|Any CPU
		{10E6748B-71FA-4421-B5DE-C831476E3F36}.Release|Any CPU.ActiveCfg = Release|Any CPU
		{10E6748B-71FA-4421-B5DE-C831476E3F36}.Release|Any CPU.Build.0 = Release|Any CPU
		{29932A25-BF79-4403-9884-A0F0E99E816E}.Debug|Any CPU.ActiveCfg = Debug|Any CPU
		{29932A25-BF79-4403-9884-A0F0E99E816E}.Debug|Any CPU.Build.0 = Debug|Any CPU
		{29932A25-BF79-4403-9884-A0F0E99E816E}.Release|Any CPU.ActiveCfg = Release|Any CPU
		{29932A25-BF79-4403-9884-A0F0E99E816E}.Release|Any CPU.Build.0 = Release|Any CPU
	EndGlobalSection
	GlobalSection(SolutionProperties) = preSolution
		HideSolutionNode = FALSE
	EndGlobalSection
	GlobalSection(NestedProjects) = preSolution
		{9BC95184-CA1E-46E2-8440-978976EE5B53} = {698BFF11-FA97-44FB-9701-554F1A989F38}
		{29932A25-BF79-4403-9884-A0F0E99E816E} = {698BFF11-FA97-44FB-9701-554F1A989F38}
	EndGlobalSection
	GlobalSection(ExtensibilityGlobals) = postSolution
		SolutionGuid = {3801CF28-1F21-4F77-A14E-C0CB27CFE35A}
	EndGlobalSection
EndGlobal
